
Microsoft Visual Studio Solution File, Format Version 12.00
# Visual Studio Version 16
VisualStudioVersion = 16.0.29920.165
MinimumVisualStudioVersion = 10.0.40219.1
Project("{FAE04EC0-301F-11D3-BF4B-00C04F79EFBC}") = "sum_practise_2023", "sum_practise_2023\sum_practise_2023.csproj", "{C2766BA9-9EC7-48C2-A434-23E3CF40812D}"
EndProject
Global
	GlobalSection(SolutionConfigurationPlatforms) = preSolution
		Debug|Any CPU = Debug|Any CPU
		Release|Any CPU = Release|Any CPU
	EndGlobalSection
	GlobalSection(ProjectConfigurationPlatforms) = postSolution
		{C2766BA9-9EC7-48C2-A434-23E3CF40812D}.Debug|Any CPU.ActiveCfg = Debug|Any CPU
		{C2766BA9-9EC7-48C2-A434-23E3CF40812D}.Debug|Any CPU.Build.0 = Debug|Any CPU
		{C2766BA9-9EC7-48C2-A434-23E3CF40812D}.Release|Any CPU.ActiveCfg = Release|Any CPU
		{C2766BA9-9EC7-48C2-A434-23E3CF40812D}.Release|Any CPU.Build.0 = Release|Any CPU
	EndGlobalSection
	GlobalSection(SolutionProperties) = preSolution
		HideSolutionNode = FALSE
	EndGlobalSection
	GlobalSection(ExtensibilityGlobals) = postSolution
		SolutionGuid = {4EB1F488-EEDD-441B-820C-6A55D134EB67}
	EndGlobalSection
EndGlobal
